
Microsoft Visual Studio Solution File, Format Version 12.00
# Visual Studio Version 17
VisualStudioVersion = 17.10.35013.160
MinimumVisualStudioVersion = 10.0.40219.1
Project("{FAE04EC0-301F-11D3-BF4B-00C04F79EFBC}") = "pr2Form", "pr2Form\pr2Form.csproj", "{8F60632C-65B1-466B-B196-A03374CE589E}"
EndProject
Global
	GlobalSection(SolutionConfigurationPlatforms) = preSolution
		Debug|Any CPU = Debug|Any CPU
		Release|Any CPU = Release|Any CPU
	EndGlobalSection
	GlobalSection(ProjectConfigurationPlatforms) = postSolution
		{8F60632C-65B1-466B-B196-A03374CE589E}.Debug|Any CPU.ActiveCfg = Debug|Any CPU
		{8F60632C-65B1-466B-B196-A03374CE589E}.Debug|Any CPU.Build.0 = Debug|Any CPU
		{8F60632C-65B1-466B-B196-A03374CE589E}.Release|Any CPU.ActiveCfg = Release|Any CPU
		{8F60632C-65B1-466B-B196-A03374CE589E}.Release|Any CPU.Build.0 = Release|Any CPU
	EndGlobalSection
	GlobalSection(SolutionProperties) = preSolution
		HideSolutionNode = FALSE
	EndGlobalSection
	GlobalSection(ExtensibilityGlobals) = postSolution
		SolutionGuid = {B59D245B-3A70-4543-9CCE-D42F4E0712BF}
	EndGlobalSection
EndGlobal
